// !$*UTF8*$!
{
	archiveVersion = 1;
	classes = {
	};
	objectVersion = 50;
	objects = {

/* Begin PBXBuildFile section */
		2649BB8326C94EA100F12949 /* AppDelegate.swift in Sources */ = {isa = PBXBuildFile; fileRef = 2649BB8226C94EA100F12949 /* AppDelegate.swift */; };
		2649BB8526C94EA100F12949 /* SceneDelegate.swift in Sources */ = {isa = PBXBuildFile; fileRef = 2649BB8426C94EA100F12949 /* SceneDelegate.swift */; };
		2649BB8726C94EA100F12949 /* ViewController.swift in Sources */ = {isa = PBXBuildFile; fileRef = 2649BB8626C94EA100F12949 /* ViewController.swift */; };
		2649BB8A26C94EA100F12949 /* Main.storyboard in Resources */ = {isa = PBXBuildFile; fileRef = 2649BB8826C94EA100F12949 /* Main.storyboard */; };
		2649BB8C26C94EA800F12949 /* Assets.xcassets in Resources */ = {isa = PBXBuildFile; fileRef = 2649BB8B26C94EA800F12949 /* Assets.xcassets */; };
		2649BB8F26C94EA800F12949 /* LaunchScreen.storyboard in Resources */ = {isa = PBXBuildFile; fileRef = 2649BB8D26C94EA800F12949 /* LaunchScreen.storyboard */; };
		2649BB9A26C94EA900F12949 /* WeatherCatTests.swift in Sources */ = {isa = PBXBuildFile; fileRef = 2649BB9926C94EA900F12949 /* WeatherCatTests.swift */; };
		2649BBA526C94EA900F12949 /* WeatherCatUITests.swift in Sources */ = {isa = PBXBuildFile; fileRef = 2649BBA426C94EA900F12949 /* WeatherCatUITests.swift */; };
/* End PBXBuildFile section */

/* Begin PBXContainerItemProxy section */
		2649BB9626C94EA900F12949 /* PBXContainerItemProxy */ = {
			isa = PBXContainerItemProxy;
			containerPortal = 2649BB7726C94EA100F12949 /* Project object */;
			proxyType = 1;
			remoteGlobalIDString = 2649BB7E26C94EA100F12949;
			remoteInfo = WeatherCat;
		};
		2649BBA126C94EA900F12949 /* PBXContainerItemProxy */ = {
			isa = PBXContainerItemProxy;
			containerPortal = 2649BB7726C94EA100F12949 /* Project object */;
			proxyType = 1;
			remoteGlobalIDString = 2649BB7E26C94EA100F12949;
			remoteInfo = WeatherCat;
		};
/* End PBXContainerItemProxy section */

/* Begin PBXFileReference section */
		2649BB7F26C94EA100F12949 /* WeatherCat.app */ = {isa = PBXFileReference; explicitFileType = wrapper.application; includeInIndex = 0; path = WeatherCat.app; sourceTree = BUILT_PRODUCTS_DIR; };
		2649BB8226C94EA100F12949 /* AppDelegate.swift */ = {isa = PBXFileReference; lastKnownFileType = sourcecode.swift; path = AppDelegate.swift; sourceTree = "<group>"; };
		2649BB8426C94EA100F12949 /* SceneDelegate.swift */ = {isa = PBXFileReference; lastKnownFileType = sourcecode.swift; path = SceneDelegate.swift; sourceTree = "<group>"; };
		2649BB8626C94EA100F12949 /* ViewController.swift */ = {isa = PBXFileReference; lastKnownFileType = sourcecode.swift; path = ViewController.swift; sourceTree = "<group>"; };
		2649BB8926C94EA100F12949 /* Base */ = {isa = PBXFileReference; lastKnownFileType = file.storyboard; name = Base; path = Base.lproj/Main.storyboard; sourceTree = "<group>"; };
		2649BB8B26C94EA800F12949 /* Assets.xcassets */ = {isa = PBXFileReference; lastKnownFileType = folder.assetcatalog; path = Assets.xcassets; sourceTree = "<group>"; };
		2649BB8E26C94EA800F12949 /* Base */ = {isa = PBXFileReference; lastKnownFileType = file.storyboard; name = Base; path = Base.lproj/LaunchScreen.storyboard; sourceTree = "<group>"; };
		2649BB9026C94EA800F12949 /* Info.plist */ = {isa = PBXFileReference; lastKnownFileType = text.plist.xml; path = Info.plist; sourceTree = "<group>"; };
		2649BB9526C94EA900F12949 /* WeatherCatTests.xctest */ = {isa = PBXFileReference; explicitFileType = wrapper.cfbundle; includeInIndex = 0; path = WeatherCatTests.xctest; sourceTree = BUILT_PRODUCTS_DIR; };
		2649BB9926C94EA900F12949 /* WeatherCatTests.swift */ = {isa = PBXFileReference; lastKnownFileType = sourcecode.swift; path = WeatherCatTests.swift; sourceTree = "<group>"; };
		2649BB9B26C94EA900F12949 /* Info.plist */ = {isa = PBXFileReference; lastKnownFileType = text.plist.xml; path = Info.plist; sourceTree = "<group>"; };
		2649BBA026C94EA900F12949 /* WeatherCatUITests.xctest */ = {isa = PBXFileReference; explicitFileType = wrapper.cfbundle; includeInIndex = 0; path = WeatherCatUITests.xctest; sourceTree = BUILT_PRODUCTS_DIR; };
		2649BBA426C94EA900F12949 /* WeatherCatUITests.swift */ = {isa = PBXFileReference; lastKnownFileType = sourcecode.swift; path = WeatherCatUITests.swift; sourceTree = "<group>"; };
		2649BBA626C94EA900F12949 /* Info.plist */ = {isa = PBXFileReference; lastKnownFileType = text.plist.xml; path = Info.plist; sourceTree = "<group>"; };
/* End PBXFileReference section */

/* Begin PBXFrameworksBuildPhase section */
		2649BB7C26C94EA100F12949 /* Frameworks */ = {
			isa = PBXFrameworksBuildPhase;
			buildActionMask = 2147483647;
			files = (
			);
			runOnlyForDeploymentPostprocessing = 0;
		};
		2649BB9226C94EA900F12949 /* Frameworks */ = {
			isa = PBXFrameworksBuildPhase;
			buildActionMask = 2147483647;
			files = (
			);
			runOnlyForDeploymentPostprocessing = 0;
		};
		2649BB9D26C94EA900F12949 /* Frameworks */ = {
			isa = PBXFrameworksBuildPhase;
			buildActionMask = 2147483647;
			files = (
			);
			runOnlyForDeploymentPostprocessing = 0;
		};
/* End PBXFrameworksBuildPhase section */

/* Begin PBXGroup section */
		2649BB7626C94EA100F12949 = {
			isa = PBXGroup;
			children = (
				2649BB8126C94EA100F12949 /* WeatherCat */,
				2649BB9826C94EA900F12949 /* WeatherCatTests */,
				2649BBA326C94EA900F12949 /* WeatherCatUITests */,
				2649BB8026C94EA100F12949 /* Products */,
			);
			sourceTree = "<group>";
		};
		2649BB8026C94EA100F12949 /* Products */ = {
			isa = PBXGroup;
			children = (
				2649BB7F26C94EA100F12949 /* WeatherCat.app */,
				2649BB9526C94EA900F12949 /* WeatherCatTests.xctest */,
				2649BBA026C94EA900F12949 /* WeatherCatUITests.xctest */,
			);
			name = Products;
			sourceTree = "<group>";
		};
		2649BB8126C94EA100F12949 /* WeatherCat */ = {
			isa = PBXGroup;
			children = (
				2649BB8226C94EA100F12949 /* AppDelegate.swift */,
				2649BB8426C94EA100F12949 /* SceneDelegate.swift */,
				2649BB8626C94EA100F12949 /* ViewController.swift */,
				2649BB8826C94EA100F12949 /* Main.storyboard */,
				2649BB8B26C94EA800F12949 /* Assets.xcassets */,
				2649BB8D26C94EA800F12949 /* LaunchScreen.storyboard */,
				2649BB9026C94EA800F12949 /* Info.plist */,
			);
			path = WeatherCat;
			sourceTree = "<group>";
		};
		2649BB9826C94EA900F12949 /* WeatherCatTests */ = {
			isa = PBXGroup;
			children = (
				2649BB9926C94EA900F12949 /* WeatherCatTests.swift */,
				2649BB9B26C94EA900F12949 /* Info.plist */,
			);
			path = WeatherCatTests;
			sourceTree = "<group>";
		};
		2649BBA326C94EA900F12949 /* WeatherCatUITests */ = {
			isa = PBXGroup;
			children = (
				2649BBA426C94EA900F12949 /* WeatherCatUITests.swift */,
				2649BBA626C94EA900F12949 /* Info.plist */,
			);
			path = WeatherCatUITests;
			sourceTree = "<group>";
		};
/* End PBXGroup section */

/* Begin PBXNativeTarget section */
		2649BB7E26C94EA100F12949 /* WeatherCat */ = {
			isa = PBXNativeTarget;
			buildConfigurationList = 2649BBA926C94EA900F12949 /* Build configuration list for PBXNativeTarget "WeatherCat" */;
			buildPhases = (
				2649BB7B26C94EA100F12949 /* Sources */,
				2649BB7C26C94EA100F12949 /* Frameworks */,
				2649BB7D26C94EA100F12949 /* Resources */,
			);
			buildRules = (
			);
			dependencies = (
			);
			name = WeatherCat;
			productName = WeatherCat;
			productReference = 2649BB7F26C94EA100F12949 /* WeatherCat.app */;
			productType = "com.apple.product-type.application";
		};
		2649BB9426C94EA900F12949 /* WeatherCatTests */ = {
			isa = PBXNativeTarget;
			buildConfigurationList = 2649BBAC26C94EA900F12949 /* Build configuration list for PBXNativeTarget "WeatherCatTests" */;
			buildPhases = (
				2649BB9126C94EA900F12949 /* Sources */,
				2649BB9226C94EA900F12949 /* Frameworks */,
				2649BB9326C94EA900F12949 /* Resources */,
			);
			buildRules = (
			);
			dependencies = (
				2649BB9726C94EA900F12949 /* PBXTargetDependency */,
			);
			name = WeatherCatTests;
			productName = WeatherCatTests;
			productReference = 2649BB9526C94EA900F12949 /* WeatherCatTests.xctest */;
			productType = "com.apple.product-type.bundle.unit-test";
		};
		2649BB9F26C94EA900F12949 /* WeatherCatUITests */ = {
			isa = PBXNativeTarget;
			buildConfigurationList = 2649BBAF26C94EA900F12949 /* Build configuration list for PBXNativeTarget "WeatherCatUITests" */;
			buildPhases = (
				2649BB9C26C94EA900F12949 /* Sources */,
				2649BB9D26C94EA900F12949 /* Frameworks */,
				2649BB9E26C94EA900F12949 /* Resources */,
			);
			buildRules = (
			);
			dependencies = (
				2649BBA226C94EA900F12949 /* PBXTargetDependency */,
			);
			name = WeatherCatUITests;
			productName = WeatherCatUITests;
			productReference = 2649BBA026C94EA900F12949 /* WeatherCatUITests.xctest */;
			productType = "com.apple.product-type.bundle.ui-testing";
		};
/* End PBXNativeTarget section */

/* Begin PBXProject section */
		2649BB7726C94EA100F12949 /* Project object */ = {
			isa = PBXProject;
			attributes = {
				LastSwiftUpdateCheck = 1250;
				LastUpgradeCheck = 1250;
				TargetAttributes = {
					2649BB7E26C94EA100F12949 = {
						CreatedOnToolsVersion = 12.5.1;
					};
					2649BB9426C94EA900F12949 = {
						CreatedOnToolsVersion = 12.5.1;
						TestTargetID = 2649BB7E26C94EA100F12949;
					};
					2649BB9F26C94EA900F12949 = {
						CreatedOnToolsVersion = 12.5.1;
						TestTargetID = 2649BB7E26C94EA100F12949;
					};
				};
			};
			buildConfigurationList = 2649BB7A26C94EA100F12949 /* Build configuration list for PBXProject "WeatherCat" */;
			compatibilityVersion = "Xcode 9.3";
			developmentRegion = en;
			hasScannedForEncodings = 0;
			knownRegions = (
				en,
				Base,
			);
			mainGroup = 2649BB7626C94EA100F12949;
			productRefGroup = 2649BB8026C94EA100F12949 /* Products */;
			projectDirPath = "";
			projectRoot = "";
			targets = (
				2649BB7E26C94EA100F12949 /* WeatherCat */,
				2649BB9426C94EA900F12949 /* WeatherCatTests */,
				2649BB9F26C94EA900F12949 /* WeatherCatUITests */,
			);
		};
/* End PBXProject section */

/* Begin PBXResourcesBuildPhase section */
		2649BB7D26C94EA100F12949 /* Resources */ = {
			isa = PBXResourcesBuildPhase;
			buildActionMask = 2147483647;
			files = (
				2649BB8F26C94EA800F12949 /* LaunchScreen.storyboard in Resources */,
				2649BB8C26C94EA800F12949 /* Assets.xcassets in Resources */,
				2649BB8A26C94EA100F12949 /* Main.storyboard in Resources */,
			);
			runOnlyForDeploymentPostprocessing = 0;
		};
		2649BB9326C94EA900F12949 /* Resources */ = {
			isa = PBXResourcesBuildPhase;
			buildActionMask = 2147483647;
			files = (
			);
			runOnlyForDeploymentPostprocessing = 0;
		};
		2649BB9E26C94EA900F12949 /* Resources */ = {
			isa = PBXResourcesBuildPhase;
			buildActionMask = 2147483647;
			files = (
			);
			runOnlyForDeploymentPostprocessing = 0;
		};
/* End PBXResourcesBuildPhase section */

/* Begin PBXSourcesBuildPhase section */
		2649BB7B26C94EA100F12949 /* Sources */ = {
			isa = PBXSourcesBuildPhase;
			buildActionMask = 2147483647;
			files = (
				2649BB8726C94EA100F12949 /* ViewController.swift in Sources */,
				2649BB8326C94EA100F12949 /* AppDelegate.swift in Sources */,
				2649BB8526C94EA100F12949 /* SceneDelegate.swift in Sources */,
			);
			runOnlyForDeploymentPostprocessing = 0;
		};
		2649BB9126C94EA900F12949 /* Sources */ = {
			isa = PBXSourcesBuildPhase;
			buildActionMask = 2147483647;
			files = (
				2649BB9A26C94EA900F12949 /* WeatherCatTests.swift in Sources */,
			);
			runOnlyForDeploymentPostprocessing = 0;
		};
		2649BB9C26C94EA900F12949 /* Sources */ = {
			isa = PBXSourcesBuildPhase;
			buildActionMask = 2147483647;
			files = (
				2649BBA526C94EA900F12949 /* WeatherCatUITests.swift in Sources */,
			);
			runOnlyForDeploymentPostprocessing = 0;
		};
/* End PBXSourcesBuildPhase section */

/* Begin PBXTargetDependency section */
		2649BB9726C94EA900F12949 /* PBXTargetDependency */ = {
			isa = PBXTargetDependency;
			target = 2649BB7E26C94EA100F12949 /* WeatherCat */;
			targetProxy = 2649BB9626C94EA900F12949 /* PBXContainerItemProxy */;
		};
		2649BBA226C94EA900F12949 /* PBXTargetDependency */ = {
			isa = PBXTargetDependency;
			target = 2649BB7E26C94EA100F12949 /* WeatherCat */;
			targetProxy = 2649BBA126C94EA900F12949 /* PBXContainerItemProxy */;
		};
/* End PBXTargetDependency section */

/* Begin PBXVariantGroup section */
		2649BB8826C94EA100F12949 /* Main.storyboard */ = {
			isa = PBXVariantGroup;
			children = (
				2649BB8926C94EA100F12949 /* Base */,
			);
			name = Main.storyboard;
			sourceTree = "<group>";
		};
		2649BB8D26C94EA800F12949 /* LaunchScreen.storyboard */ = {
			isa = PBXVariantGroup;
			children = (
				2649BB8E26C94EA800F12949 /* Base */,
			);
			name = LaunchScreen.storyboard;
			sourceTree = "<group>";
		};
/* End PBXVariantGroup section */

/* Begin XCBuildConfiguration section */
		2649BBA726C94EA900F12949 /* Debug */ = {
			isa = XCBuildConfiguration;
			buildSettings = {
				ALWAYS_SEARCH_USER_PATHS = NO;
				CLANG_ANALYZER_NONNULL = YES;
				CLANG_ANALYZER_NUMBER_OBJECT_CONVERSION = YES_AGGRESSIVE;
				CLANG_CXX_LANGUAGE_STANDARD = "gnu++14";
				CLANG_CXX_LIBRARY = "libc++";
				CLANG_ENABLE_MODULES = YES;
				CLANG_ENABLE_OBJC_ARC = YES;
				CLANG_ENABLE_OBJC_WEAK = YES;
				CLANG_WARN_BLOCK_CAPTURE_AUTORELEASING = YES;
				CLANG_WARN_BOOL_CONVERSION = YES;
				CLANG_WARN_COMMA = YES;
				CLANG_WARN_CONSTANT_CONVERSION = YES;
				CLANG_WARN_DEPRECATED_OBJC_IMPLEMENTATIONS = YES;
				CLANG_WARN_DIRECT_OBJC_ISA_USAGE = YES_ERROR;
				CLANG_WARN_DOCUMENTATION_COMMENTS = YES;
				CLANG_WARN_EMPTY_BODY = YES;
				CLANG_WARN_ENUM_CONVERSION = YES;
				CLANG_WARN_INFINITE_RECURSION = YES;
				CLANG_WARN_INT_CONVERSION = YES;
				CLANG_WARN_NON_LITERAL_NULL_CONVERSION = YES;
				CLANG_WARN_OBJC_IMPLICIT_RETAIN_SELF = YES;
				CLANG_WARN_OBJC_LITERAL_CONVERSION = YES;
				CLANG_WARN_OBJC_ROOT_CLASS = YES_ERROR;
				CLANG_WARN_QUOTED_INCLUDE_IN_FRAMEWORK_HEADER = YES;
				CLANG_WARN_RANGE_LOOP_ANALYSIS = YES;
				CLANG_WARN_STRICT_PROTOTYPES = YES;
				CLANG_WARN_SUSPICIOUS_MOVE = YES;
				CLANG_WARN_UNGUARDED_AVAILABILITY = YES_AGGRESSIVE;
				CLANG_WARN_UNREACHABLE_CODE = YES;
				CLANG_WARN__DUPLICATE_METHOD_MATCH = YES;
				COPY_PHASE_STRIP = NO;
				DEBUG_INFORMATION_FORMAT = dwarf;
				ENABLE_STRICT_OBJC_MSGSEND = YES;
				ENABLE_TESTABILITY = YES;
				GCC_C_LANGUAGE_STANDARD = gnu11;
				GCC_DYNAMIC_NO_PIC = NO;
				GCC_NO_COMMON_BLOCKS = YES;
				GCC_OPTIMIZATION_LEVEL = 0;
				GCC_PREPROCESSOR_DEFINITIONS = (
					"DEBUG=1",
					"$(inherited)",
				);
				GCC_WARN_64_TO_32_BIT_CONVERSION = YES;
				GCC_WARN_ABOUT_RETURN_TYPE = YES_ERROR;
				GCC_WARN_UNDECLARED_SELECTOR = YES;
				GCC_WARN_UNINITIALIZED_AUTOS = YES_AGGRESSIVE;
				GCC_WARN_UNUSED_FUNCTION = YES;
				GCC_WARN_UNUSED_VARIABLE = YES;
				IPHONEOS_DEPLOYMENT_TARGET = 14.5;
				MTL_ENABLE_DEBUG_INFO = INCLUDE_SOURCE;
				MTL_FAST_MATH = YES;
				ONLY_ACTIVE_ARCH = YES;
				SDKROOT = iphoneos;
				SWIFT_ACTIVE_COMPILATION_CONDITIONS = DEBUG;
				SWIFT_OPTIMIZATION_LEVEL = "-Onone";
			};
			name = Debug;
		};
		2649BBA826C94EA900F12949 /* Release */ = {
			isa = XCBuildConfiguration;
			buildSettings = {
				ALWAYS_SEARCH_USER_PATHS = NO;
				CLANG_ANALYZER_NONNULL = YES;
				CLANG_ANALYZER_NUMBER_OBJECT_CONVERSION = YES_AGGRESSIVE;
				CLANG_CXX_LANGUAGE_STANDARD = "gnu++14";
				CLANG_CXX_LIBRARY = "libc++";
				CLANG_ENABLE_MODULES = YES;
				CLANG_ENABLE_OBJC_ARC = YES;
				CLANG_ENABLE_OBJC_WEAK = YES;
				CLANG_WARN_BLOCK_CAPTURE_AUTORELEASING = YES;
				CLANG_WARN_BOOL_CONVERSION = YES;
				CLANG_WARN_COMMA = YES;
				CLANG_WARN_CONSTANT_CONVERSION = YES;
				CLANG_WARN_DEPRECATED_OBJC_IMPLEMENTATIONS = YES;
				CLANG_WARN_DIRECT_OBJC_ISA_USAGE = YES_ERROR;
				CLANG_WARN_DOCUMENTATION_COMMENTS = YES;
				CLANG_WARN_EMPTY_BODY = YES;
				CLANG_WARN_ENUM_CONVERSION = YES;
				CLANG_WARN_INFINITE_RECURSION = YES;
				CLANG_WARN_INT_CONVERSION = YES;
				CLANG_WARN_NON_LITERAL_NULL_CONVERSION = YES;
				CLANG_WARN_OBJC_IMPLICIT_RETAIN_SELF = YES;
				CLANG_WARN_OBJC_LITERAL_CONVERSION = YES;
				CLANG_WARN_OBJC_ROOT_CLASS = YES_ERROR;
				CLANG_WARN_QUOTED_INCLUDE_IN_FRAMEWORK_HEADER = YES;
				CLANG_WARN_RANGE_LOOP_ANALYSIS = YES;
				CLANG_WARN_STRICT_PROTOTYPES = YES;
				CLANG_WARN_SUSPICIOUS_MOVE = YES;
				CLANG_WARN_UNGUARDED_AVAILABILITY = YES_AGGRESSIVE;
				CLANG_WARN_UNREACHABLE_CODE = YES;
				CLANG_WARN__DUPLICATE_METHOD_MATCH = YES;
				COPY_PHASE_STRIP = NO;
				DEBUG_INFORMATION_FORMAT = "dwarf-with-dsym";
				ENABLE_NS_ASSERTIONS = NO;
				ENABLE_STRICT_OBJC_MSGSEND = YES;
				GCC_C_LANGUAGE_STANDARD = gnu11;
				GCC_NO_COMMON_BLOCKS = YES;
				GCC_WARN_64_TO_32_BIT_CONVERSION = YES;
				GCC_WARN_ABOUT_RETURN_TYPE = YES_ERROR;
				GCC_WARN_UNDECLARED_SELECTOR = YES;
				GCC_WARN_UNINITIALIZED_AUTOS = YES_AGGRESSIVE;
				GCC_WARN_UNUSED_FUNCTION = YES;
				GCC_WARN_UNUSED_VARIABLE = YES;
				IPHONEOS_DEPLOYMENT_TARGET = 14.5;
				MTL_ENABLE_DEBUG_INFO = NO;
				MTL_FAST_MATH = YES;
				SDKROOT = iphoneos;
				SWIFT_COMPILATION_MODE = wholemodule;
				SWIFT_OPTIMIZATION_LEVEL = "-O";
				VALIDATE_PRODUCT = YES;
			};
			name = Release;
		};
		2649BBAA26C94EA900F12949 /* Debug */ = {
			isa = XCBuildConfiguration;
			buildSettings = {
				ASSETCATALOG_COMPILER_APPICON_NAME = AppIcon;
				ASSETCATALOG_COMPILER_GLOBAL_ACCENT_COLOR_NAME = AccentColor;
				CODE_SIGN_STYLE = Automatic;
				DEVELOPMENT_TEAM = 3K7EP8ME83;
				INFOPLIST_FILE = WeatherCat/Info.plist;
				LD_RUNPATH_SEARCH_PATHS = (
					"$(inherited)",
					"@executable_path/Frameworks",
				);
				PRODUCT_BUNDLE_IDENTIFIER = com.camilogarzonp.WeatherCat;
				PRODUCT_NAME = "$(TARGET_NAME)";
				SWIFT_VERSION = 5.0;
				TARGETED_DEVICE_FAMILY = "1,2";
			};
			name = Debug;
		};
		2649BBAB26C94EA900F12949 /* Release */ = {
			isa = XCBuildConfiguration;
			buildSettings = {
				ASSETCATALOG_COMPILER_APPICON_NAME = AppIcon;
				ASSETCATALOG_COMPILER_GLOBAL_ACCENT_COLOR_NAME = AccentColor;
				CODE_SIGN_STYLE = Automatic;
				DEVELOPMENT_TEAM = 3K7EP8ME83;
				INFOPLIST_FILE = WeatherCat/Info.plist;
				LD_RUNPATH_SEARCH_PATHS = (
					"$(inherited)",
					"@executable_path/Frameworks",
				);
				PRODUCT_BUNDLE_IDENTIFIER = com.camilogarzonp.WeatherCat;
				PRODUCT_NAME = "$(TARGET_NAME)";
				SWIFT_VERSION = 5.0;
				TARGETED_DEVICE_FAMILY = "1,2";
			};
			name = Release;
		};
		2649BBAD26C94EA900F12949 /* Debug */ = {
			isa = XCBuildConfiguration;
			buildSettings = {
				ALWAYS_EMBED_SWIFT_STANDARD_LIBRARIES = YES;
				BUNDLE_LOADER = "$(TEST_HOST)";
				CODE_SIGN_STYLE = Automatic;
				DEVELOPMENT_TEAM = 3K7EP8ME83;
				INFOPLIST_FILE = WeatherCatTests/Info.plist;
				IPHONEOS_DEPLOYMENT_TARGET = 14.5;
				LD_RUNPATH_SEARCH_PATHS = (
					"$(inherited)",
					"@executable_path/Frameworks",
					"@loader_path/Frameworks",
				);
				PRODUCT_BUNDLE_IDENTIFIER = com.camilogarzonp.WeatherCatTests;
				PRODUCT_NAME = "$(TARGET_NAME)";
				SWIFT_VERSION = 5.0;
				TARGETED_DEVICE_FAMILY = "1,2";
				TEST_HOST = "$(BUILT_PRODUCTS_DIR)/WeatherCat.app/WeatherCat";
			};
			name = Debug;
		};
		2649BBAE26C94EA900F12949 /* Release */ = {
			isa = XCBuildConfiguration;
			buildSettings = {
				ALWAYS_EMBED_SWIFT_STANDARD_LIBRARIES = YES;
				BUNDLE_LOADER = "$(TEST_HOST)";
				CODE_SIGN_STYLE = Automatic;
				DEVELOPMENT_TEAM = 3K7EP8ME83;
				INFOPLIST_FILE = WeatherCatTests/Info.plist;
				IPHONEOS_DEPLOYMENT_TARGET = 14.5;
				LD_RUNPATH_SEARCH_PATHS = (
					"$(inherited)",
					"@executable_path/Frameworks",
					"@loader_path/Frameworks",
				);
				PRODUCT_BUNDLE_IDENTIFIER = com.camilogarzonp.WeatherCatTests;
				PRODUCT_NAME = "$(TARGET_NAME)";
				SWIFT_VERSION = 5.0;
				TARGETED_DEVICE_FAMILY = "1,2";
				TEST_HOST = "$(BUILT_PRODUCTS_DIR)/WeatherCat.app/WeatherCat";
			};
			name = Release;
		};
		2649BBB026C94EA900F12949 /* Debug */ = {
			isa = XCBuildConfiguration;
			buildSettings = {
				ALWAYS_EMBED_SWIFT_STANDARD_LIBRARIES = YES;
				CODE_SIGN_STYLE = Automatic;
				DEVELOPMENT_TEAM = 3K7EP8ME83;
				INFOPLIST_FILE = WeatherCatUITests/Info.plist;
				LD_RUNPATH_SEARCH_PATHS = (
					"$(inherited)",
					"@executable_path/Frameworks",
					"@loader_path/Frameworks",
				);
				PRODUCT_BUNDLE_IDENTIFIER = com.camilogarzonp.WeatherCatUITests;
				PRODUCT_NAME = "$(TARGET_NAME)";
				SWIFT_VERSION = 5.0;
				TARGETED_DEVICE_FAMILY = "1,2";
				TEST_TARGET_NAME = WeatherCat;
			};
			name = Debug;
		};
		2649BBB126C94EA900F12949 /* Release */ = {
			isa = XCBuildConfiguration;
			buildSettings = {
				ALWAYS_EMBED_SWIFT_STANDARD_LIBRARIES = YES;
				CODE_SIGN_STYLE = Automatic;
				DEVELOPMENT_TEAM = 3K7EP8ME83;
				INFOPLIST_FILE = WeatherCatUITests/Info.plist;
				LD_RUNPATH_SEARCH_PATHS = (
					"$(inherited)",
					"@executable_path/Frameworks",
					"@loader_path/Frameworks",
				);
				PRODUCT_BUNDLE_IDENTIFIER = com.camilogarzonp.WeatherCatUITests;
				PRODUCT_NAME = "$(TARGET_NAME)";
				SWIFT_VERSION = 5.0;
				TARGETED_DEVICE_FAMILY = "1,2";
				TEST_TARGET_NAME = WeatherCat;
			};
			name = Release;
		};
/* End XCBuildConfiguration section */

/* Begin XCConfigurationList section */
		2649BB7A26C94EA100F12949 /* Build configuration list for PBXProject "WeatherCat" */ = {
			isa = XCConfigurationList;
			buildConfigurations = (
				2649BBA726C94EA900F12949 /* Debug */,
				2649BBA826C94EA900F12949 /* Release */,
			);
			defaultConfigurationIsVisible = 0;
			defaultConfigurationName = Release;
		};
		2649BBA926C94EA900F12949 /* Build configuration list for PBXNativeTarget "WeatherCat" */ = {
			isa = XCConfigurationList;
			buildConfigurations = (
				2649BBAA26C94EA900F12949 /* Debug */,
				2649BBAB26C94EA900F12949 /* Release */,
			);
			defaultConfigurationIsVisible = 0;
			defaultConfigurationName = Release;
		};
		2649BBAC26C94EA900F12949 /* Build configuration list for PBXNativeTarget "WeatherCatTests" */ = {
			isa = XCConfigurationList;
			buildConfigurations = (
				2649BBAD26C94EA900F12949 /* Debug */,
				2649BBAE26C94EA900F12949 /* Release */,
			);
			defaultConfigurationIsVisible = 0;
			defaultConfigurationName = Release;
		};
		2649BBAF26C94EA900F12949 /* Build configuration list for PBXNativeTarget "WeatherCatUITests" */ = {
			isa = XCConfigurationList;
			buildConfigurations = (
				2649BBB026C94EA900F12949 /* Debug */,
				2649BBB126C94EA900F12949 /* Release */,
			);
			defaultConfigurationIsVisible = 0;
			defaultConfigurationName = Release;
		};
/* End XCConfigurationList section */
	};
	rootObject = 2649BB7726C94EA100F12949 /* Project object */;
}
